// !$*UTF8*$!
{
	archiveVersion = 1;
	classes = {
	};
	objectVersion = 50;
	objects = {

/* Begin PBXBuildFile section */
		34587567C877D89CF9F2F6DE /* Pods_NoriginTestTask.framework in Frameworks */ = {isa = PBXBuildFile; fileRef = 34E012EA9419BC07F8211D44 /* Pods_NoriginTestTask.framework */; };
		CE170316213BD948003AF8B7 /* Math.swift in Sources */ = {isa = PBXBuildFile; fileRef = CE170315213BD948003AF8B7 /* Math.swift */; };
		CE17031B213C8673003AF8B7 /* AppCoordinator.swift in Sources */ = {isa = PBXBuildFile; fileRef = CE17031A213C8673003AF8B7 /* AppCoordinator.swift */; };
		CE17031D213C8A8F003AF8B7 /* UIStoryboard.swift in Sources */ = {isa = PBXBuildFile; fileRef = CE17031C213C8A8F003AF8B7 /* UIStoryboard.swift */; };
		CE17031F213C8ADA003AF8B7 /* EPGViewModel1.swift in Sources */ = {isa = PBXBuildFile; fileRef = CE17031E213C8ADA003AF8B7 /* EPGViewModel1.swift */; };
		CE170321213C9216003AF8B7 /* EPGService.swift in Sources */ = {isa = PBXBuildFile; fileRef = CE170320213C9216003AF8B7 /* EPGService.swift */; };
		CE536DB72135797D00A1F7F1 /* AppDelegate.swift in Sources */ = {isa = PBXBuildFile; fileRef = CE536DB62135797D00A1F7F1 /* AppDelegate.swift */; };
		CE536DB92135797D00A1F7F1 /* EPGViewController.swift in Sources */ = {isa = PBXBuildFile; fileRef = CE536DB82135797D00A1F7F1 /* EPGViewController.swift */; };
		CE536DBC2135797D00A1F7F1 /* Main.storyboard in Resources */ = {isa = PBXBuildFile; fileRef = CE536DBA2135797D00A1F7F1 /* Main.storyboard */; };
		CE536DBE2135797D00A1F7F1 /* Assets.xcassets in Resources */ = {isa = PBXBuildFile; fileRef = CE536DBD2135797D00A1F7F1 /* Assets.xcassets */; };
		CE536DC12135797D00A1F7F1 /* LaunchScreen.storyboard in Resources */ = {isa = PBXBuildFile; fileRef = CE536DBF2135797D00A1F7F1 /* LaunchScreen.storyboard */; };
		CE536DD02135BC7800A1F7F1 /* WebLoader.swift in Sources */ = {isa = PBXBuildFile; fileRef = CE536DCF2135BC7800A1F7F1 /* WebLoader.swift */; };
		CE536DD22135BC8300A1F7F1 /* RequestConfig.swift in Sources */ = {isa = PBXBuildFile; fileRef = CE536DD12135BC8300A1F7F1 /* RequestConfig.swift */; };
		CE536DD62135D00200A1F7F1 /* WebService.swift in Sources */ = {isa = PBXBuildFile; fileRef = CE536DD52135D00200A1F7F1 /* WebService.swift */; };
		CE536DD82136857100A1F7F1 /* Program.swift in Sources */ = {isa = PBXBuildFile; fileRef = CE536DD72136857100A1F7F1 /* Program.swift */; };
		CE536DDB213699CF00A1F7F1 /* EPGRESTService.swift in Sources */ = {isa = PBXBuildFile; fileRef = CE536DDA213699CF00A1F7F1 /* EPGRESTService.swift */; };
		CE536DDD21369B0100A1F7F1 /* Channel.swift in Sources */ = {isa = PBXBuildFile; fileRef = CE536DDC21369B0100A1F7F1 /* Channel.swift */; };
		CE536DDF21369CB400A1F7F1 /* EPG.swift in Sources */ = {isa = PBXBuildFile; fileRef = CE536DDE21369CB400A1F7F1 /* EPG.swift */; };
		CE7FDADF213836DB00C4844E /* EPGCollectionViewLayout.swift in Sources */ = {isa = PBXBuildFile; fileRef = CE7FDADE213836DB00C4844E /* EPGCollectionViewLayout.swift */; };
		CE7FDAE1213938EA00C4844E /* ProgramCell.swift in Sources */ = {isa = PBXBuildFile; fileRef = CE7FDAE0213938EA00C4844E /* ProgramCell.swift */; };
		CE7FDB042139406400C4844E /* EPGViewModel.swift in Sources */ = {isa = PBXBuildFile; fileRef = CE7FDB032139406400C4844E /* EPGViewModel.swift */; };
		CE7FDB062139408F00C4844E /* ChannelViewModel.swift in Sources */ = {isa = PBXBuildFile; fileRef = CE7FDB052139408F00C4844E /* ChannelViewModel.swift */; };
		CE7FDB08213940AA00C4844E /* ProgramCellModel.swift in Sources */ = {isa = PBXBuildFile; fileRef = CE7FDB07213940AA00C4844E /* ProgramCellModel.swift */; };
		CE7FDB0A2139460700C4844E /* DateFormatter.swift in Sources */ = {isa = PBXBuildFile; fileRef = CE7FDB092139460700C4844E /* DateFormatter.swift */; };
		CE7FDB0C213985BF00C4844E /* UIColor.swift in Sources */ = {isa = PBXBuildFile; fileRef = CE7FDB0B213985BF00C4844E /* UIColor.swift */; };
		CE92FD2021398A9700FB7FE7 /* ChannelCell.swift in Sources */ = {isa = PBXBuildFile; fileRef = CE92FD1F21398A9700FB7FE7 /* ChannelCell.swift */; };
		CE92FD222139F22900FB7FE7 /* HourCellModel.swift in Sources */ = {isa = PBXBuildFile; fileRef = CE92FD212139F22900FB7FE7 /* HourCellModel.swift */; };
		CE92FD24213A81BC00FB7FE7 /* Date.swift in Sources */ = {isa = PBXBuildFile; fileRef = CE92FD23213A81BC00FB7FE7 /* Date.swift */; };
		CE92FD26213A893800FB7FE7 /* HourCell.swift in Sources */ = {isa = PBXBuildFile; fileRef = CE92FD25213A893800FB7FE7 /* HourCell.swift */; };
		CE92FD28213AA3B500FB7FE7 /* TimePositionView.xib in Resources */ = {isa = PBXBuildFile; fileRef = CE92FD27213AA3B500FB7FE7 /* TimePositionView.xib */; };
		CE92FD2C213ABC8A00FB7FE7 /* DaysListView.swift in Sources */ = {isa = PBXBuildFile; fileRef = CE92FD2B213ABC8A00FB7FE7 /* DaysListView.swift */; };
		CE92FD2E213ABDF800FB7FE7 /* DayCell.swift in Sources */ = {isa = PBXBuildFile; fileRef = CE92FD2D213ABDF800FB7FE7 /* DayCell.swift */; };
		CE92FD30213ABFBE00FB7FE7 /* DayCellModel.swift in Sources */ = {isa = PBXBuildFile; fileRef = CE92FD2F213ABFBE00FB7FE7 /* DayCellModel.swift */; };
		CE92FD32213AD54800FB7FE7 /* Colors.xcassets in Resources */ = {isa = PBXBuildFile; fileRef = CE92FD31213AD54800FB7FE7 /* Colors.xcassets */; };
/* End PBXBuildFile section */

/* Begin PBXFileReference section */
		34E012EA9419BC07F8211D44 /* Pods_NoriginTestTask.framework */ = {isa = PBXFileReference; explicitFileType = wrapper.framework; includeInIndex = 0; path = Pods_NoriginTestTask.framework; sourceTree = BUILT_PRODUCTS_DIR; };
		501EE334FF93E745E32D6BCD /* Pods-NoriginTestTask.debug.xcconfig */ = {isa = PBXFileReference; includeInIndex = 1; lastKnownFileType = text.xcconfig; name = "Pods-NoriginTestTask.debug.xcconfig"; path = "Pods/Target Support Files/Pods-NoriginTestTask/Pods-NoriginTestTask.debug.xcconfig"; sourceTree = "<group>"; };
		B7E419F44C011B0466E3422A /* Pods-NoriginTestTask.release.xcconfig */ = {isa = PBXFileReference; includeInIndex = 1; lastKnownFileType = text.xcconfig; name = "Pods-NoriginTestTask.release.xcconfig"; path = "Pods/Target Support Files/Pods-NoriginTestTask/Pods-NoriginTestTask.release.xcconfig"; sourceTree = "<group>"; };
		CE170315213BD948003AF8B7 /* Math.swift */ = {isa = PBXFileReference; lastKnownFileType = sourcecode.swift; path = Math.swift; sourceTree = "<group>"; };
		CE17031A213C8673003AF8B7 /* AppCoordinator.swift */ = {isa = PBXFileReference; lastKnownFileType = sourcecode.swift; path = AppCoordinator.swift; sourceTree = "<group>"; };
		CE17031C213C8A8F003AF8B7 /* UIStoryboard.swift */ = {isa = PBXFileReference; lastKnownFileType = sourcecode.swift; path = UIStoryboard.swift; sourceTree = "<group>"; };
		CE17031E213C8ADA003AF8B7 /* EPGViewModel1.swift */ = {isa = PBXFileReference; lastKnownFileType = sourcecode.swift; path = EPGViewModel1.swift; sourceTree = "<group>"; };
		CE170320213C9216003AF8B7 /* EPGService.swift */ = {isa = PBXFileReference; lastKnownFileType = sourcecode.swift; path = EPGService.swift; sourceTree = "<group>"; };
		CE536DB32135797D00A1F7F1 /* NoriginTestTask.app */ = {isa = PBXFileReference; explicitFileType = wrapper.application; includeInIndex = 0; path = NoriginTestTask.app; sourceTree = BUILT_PRODUCTS_DIR; };
		CE536DB62135797D00A1F7F1 /* AppDelegate.swift */ = {isa = PBXFileReference; lastKnownFileType = sourcecode.swift; path = AppDelegate.swift; sourceTree = "<group>"; };
		CE536DB82135797D00A1F7F1 /* EPGViewController.swift */ = {isa = PBXFileReference; lastKnownFileType = sourcecode.swift; path = EPGViewController.swift; sourceTree = "<group>"; };
		CE536DBB2135797D00A1F7F1 /* Base */ = {isa = PBXFileReference; lastKnownFileType = file.storyboard; name = Base; path = Base.lproj/Main.storyboard; sourceTree = "<group>"; };
		CE536DBD2135797D00A1F7F1 /* Assets.xcassets */ = {isa = PBXFileReference; lastKnownFileType = folder.assetcatalog; path = Assets.xcassets; sourceTree = "<group>"; };
		CE536DC02135797D00A1F7F1 /* Base */ = {isa = PBXFileReference; lastKnownFileType = file.storyboard; name = Base; path = Base.lproj/LaunchScreen.storyboard; sourceTree = "<group>"; };
		CE536DC22135797D00A1F7F1 /* Info.plist */ = {isa = PBXFileReference; lastKnownFileType = text.plist.xml; path = Info.plist; sourceTree = "<group>"; };
		CE536DCF2135BC7800A1F7F1 /* WebLoader.swift */ = {isa = PBXFileReference; lastKnownFileType = sourcecode.swift; path = WebLoader.swift; sourceTree = "<group>"; };
		CE536DD12135BC8300A1F7F1 /* RequestConfig.swift */ = {isa = PBXFileReference; lastKnownFileType = sourcecode.swift; path = RequestConfig.swift; sourceTree = "<group>"; };
		CE536DD52135D00200A1F7F1 /* WebService.swift */ = {isa = PBXFileReference; lastKnownFileType = sourcecode.swift; path = WebService.swift; sourceTree = "<group>"; };
		CE536DD72136857100A1F7F1 /* Program.swift */ = {isa = PBXFileReference; lastKnownFileType = sourcecode.swift; path = Program.swift; sourceTree = "<group>"; };
		CE536DDA213699CF00A1F7F1 /* EPGRESTService.swift */ = {isa = PBXFileReference; lastKnownFileType = sourcecode.swift; path = EPGRESTService.swift; sourceTree = "<group>"; };
		CE536DDC21369B0100A1F7F1 /* Channel.swift */ = {isa = PBXFileReference; lastKnownFileType = sourcecode.swift; path = Channel.swift; sourceTree = "<group>"; };
		CE536DDE21369CB400A1F7F1 /* EPG.swift */ = {isa = PBXFileReference; lastKnownFileType = sourcecode.swift; path = EPG.swift; sourceTree = "<group>"; };
		CE7FDADE213836DB00C4844E /* EPGCollectionViewLayout.swift */ = {isa = PBXFileReference; lastKnownFileType = sourcecode.swift; path = EPGCollectionViewLayout.swift; sourceTree = "<group>"; };
		CE7FDAE0213938EA00C4844E /* ProgramCell.swift */ = {isa = PBXFileReference; lastKnownFileType = sourcecode.swift; path = ProgramCell.swift; sourceTree = "<group>"; };
		CE7FDB032139406400C4844E /* EPGViewModel.swift */ = {isa = PBXFileReference; lastKnownFileType = sourcecode.swift; path = EPGViewModel.swift; sourceTree = "<group>"; };
		CE7FDB052139408F00C4844E /* ChannelViewModel.swift */ = {isa = PBXFileReference; lastKnownFileType = sourcecode.swift; path = ChannelViewModel.swift; sourceTree = "<group>"; };
		CE7FDB07213940AA00C4844E /* ProgramCellModel.swift */ = {isa = PBXFileReference; lastKnownFileType = sourcecode.swift; path = ProgramCellModel.swift; sourceTree = "<group>"; };
		CE7FDB092139460700C4844E /* DateFormatter.swift */ = {isa = PBXFileReference; lastKnownFileType = sourcecode.swift; path = DateFormatter.swift; sourceTree = "<group>"; };
		CE7FDB0B213985BF00C4844E /* UIColor.swift */ = {isa = PBXFileReference; lastKnownFileType = sourcecode.swift; path = UIColor.swift; sourceTree = "<group>"; };
		CE92FD1F21398A9700FB7FE7 /* ChannelCell.swift */ = {isa = PBXFileReference; lastKnownFileType = sourcecode.swift; path = ChannelCell.swift; sourceTree = "<group>"; };
		CE92FD212139F22900FB7FE7 /* HourCellModel.swift */ = {isa = PBXFileReference; lastKnownFileType = sourcecode.swift; path = HourCellModel.swift; sourceTree = "<group>"; };
		CE92FD23213A81BC00FB7FE7 /* Date.swift */ = {isa = PBXFileReference; lastKnownFileType = sourcecode.swift; path = Date.swift; sourceTree = "<group>"; };
		CE92FD25213A893800FB7FE7 /* HourCell.swift */ = {isa = PBXFileReference; lastKnownFileType = sourcecode.swift; path = HourCell.swift; sourceTree = "<group>"; };
		CE92FD27213AA3B500FB7FE7 /* TimePositionView.xib */ = {isa = PBXFileReference; lastKnownFileType = file.xib; path = TimePositionView.xib; sourceTree = "<group>"; };
		CE92FD2B213ABC8A00FB7FE7 /* DaysListView.swift */ = {isa = PBXFileReference; lastKnownFileType = sourcecode.swift; path = DaysListView.swift; sourceTree = "<group>"; };
		CE92FD2D213ABDF800FB7FE7 /* DayCell.swift */ = {isa = PBXFileReference; lastKnownFileType = sourcecode.swift; path = DayCell.swift; sourceTree = "<group>"; };
		CE92FD2F213ABFBE00FB7FE7 /* DayCellModel.swift */ = {isa = PBXFileReference; lastKnownFileType = sourcecode.swift; path = DayCellModel.swift; sourceTree = "<group>"; };
		CE92FD31213AD54800FB7FE7 /* Colors.xcassets */ = {isa = PBXFileReference; lastKnownFileType = folder.assetcatalog; path = Colors.xcassets; sourceTree = "<group>"; };
/* End PBXFileReference section */

/* Begin PBXFrameworksBuildPhase section */
		CE536DB02135797D00A1F7F1 /* Frameworks */ = {
			isa = PBXFrameworksBuildPhase;
			buildActionMask = 2147483647;
			files = (
				34587567C877D89CF9F2F6DE /* Pods_NoriginTestTask.framework in Frameworks */,
			);
			runOnlyForDeploymentPostprocessing = 0;
		};
/* End PBXFrameworksBuildPhase section */

/* Begin PBXGroup section */
		737CB0426E57BB648681AAE5 /* Pods */ = {
			isa = PBXGroup;
			children = (
				501EE334FF93E745E32D6BCD /* Pods-NoriginTestTask.debug.xcconfig */,
				B7E419F44C011B0466E3422A /* Pods-NoriginTestTask.release.xcconfig */,
			);
			name = Pods;
			sourceTree = "<group>";
		};
		CE170318213C8581003AF8B7 /* Resources */ = {
			isa = PBXGroup;
			children = (
				CE170319213C85F9003AF8B7 /* Stroryboards */,
				CE536DBD2135797D00A1F7F1 /* Assets.xcassets */,
				CE92FD31213AD54800FB7FE7 /* Colors.xcassets */,
				CE536DC22135797D00A1F7F1 /* Info.plist */,
			);
			path = Resources;
			sourceTree = "<group>";
		};
		CE170319213C85F9003AF8B7 /* Stroryboards */ = {
			isa = PBXGroup;
			children = (
				CE536DBA2135797D00A1F7F1 /* Main.storyboard */,
				CE536DBF2135797D00A1F7F1 /* LaunchScreen.storyboard */,
			);
			path = Stroryboards;
			sourceTree = "<group>";
		};
		CE536DAA2135797D00A1F7F1 = {
			isa = PBXGroup;
			children = (
				CE536DB52135797D00A1F7F1 /* NoriginTestTask */,
				CE536DB42135797D00A1F7F1 /* Products */,
				737CB0426E57BB648681AAE5 /* Pods */,
				FFF660F0D4D25D025EE947FA /* Frameworks */,
			);
			sourceTree = "<group>";
		};
		CE536DB42135797D00A1F7F1 /* Products */ = {
			isa = PBXGroup;
			children = (
				CE536DB32135797D00A1F7F1 /* NoriginTestTask.app */,
			);
			name = Products;
			sourceTree = "<group>";
		};
		CE536DB52135797D00A1F7F1 /* NoriginTestTask */ = {
			isa = PBXGroup;
			children = (
				CE536DB62135797D00A1F7F1 /* AppDelegate.swift */,
				CE17031A213C8673003AF8B7 /* AppCoordinator.swift */,
				CE536DCA21358D5F00A1F7F1 /* Models */,
				CE536DCB21358DD000A1F7F1 /* Services */,
				CE536DCC21358DD500A1F7F1 /* Scenes */,
				CE536DD92136997100A1F7F1 /* Extensions */,
				CE170318213C8581003AF8B7 /* Resources */,
			);
			path = NoriginTestTask;
			sourceTree = "<group>";
		};
		CE536DCA21358D5F00A1F7F1 /* Models */ = {
			isa = PBXGroup;
			children = (
				CE536DDC21369B0100A1F7F1 /* Channel.swift */,
				CE536DDE21369CB400A1F7F1 /* EPG.swift */,
				CE536DD72136857100A1F7F1 /* Program.swift */,
			);
			path = Models;
			sourceTree = "<group>";
		};
		CE536DCB21358DD000A1F7F1 /* Services */ = {
			isa = PBXGroup;
			children = (
				CE536DCE2135BB7500A1F7F1 /* Network */,
				CE170320213C9216003AF8B7 /* EPGService.swift */,
			);
			path = Services;
			sourceTree = "<group>";
		};
		CE536DCC21358DD500A1F7F1 /* Scenes */ = {
			isa = PBXGroup;
			children = (
				CE92FD29213ABC4400FB7FE7 /* EPG */,
			);
			path = Scenes;
			sourceTree = "<group>";
		};
		CE536DCE2135BB7500A1F7F1 /* Network */ = {
			isa = PBXGroup;
			children = (
				CE536DD12135BC8300A1F7F1 /* RequestConfig.swift */,
				CE536DCF2135BC7800A1F7F1 /* WebLoader.swift */,
				CE536DD52135D00200A1F7F1 /* WebService.swift */,
				CE536DDA213699CF00A1F7F1 /* EPGRESTService.swift */,
			);
			path = Network;
			sourceTree = "<group>";
		};
		CE536DD92136997100A1F7F1 /* Extensions */ = {
			isa = PBXGroup;
			children = (
				CE7FDB092139460700C4844E /* DateFormatter.swift */,
				CE17031C213C8A8F003AF8B7 /* UIStoryboard.swift */,
				CE92FD23213A81BC00FB7FE7 /* Date.swift */,
				CE170315213BD948003AF8B7 /* Math.swift */,
				CE7FDB0B213985BF00C4844E /* UIColor.swift */,
			);
			path = Extensions;
			sourceTree = "<group>";
		};
		CE92FD29213ABC4400FB7FE7 /* EPG */ = {
			isa = PBXGroup;
			children = (
				CE92FD2A213ABC5500FB7FE7 /* DaysList */,
				CE536DB82135797D00A1F7F1 /* EPGViewController.swift */,
				CE17031E213C8ADA003AF8B7 /* EPGViewModel1.swift */,
				CE7FDB032139406400C4844E /* EPGViewModel.swift */,
				CE7FDB052139408F00C4844E /* ChannelViewModel.swift */,
				CE7FDB07213940AA00C4844E /* ProgramCellModel.swift */,
				CE92FD212139F22900FB7FE7 /* HourCellModel.swift */,
				CE92FD2F213ABFBE00FB7FE7 /* DayCellModel.swift */,
				CE7FDADE213836DB00C4844E /* EPGCollectionViewLayout.swift */,
				CE7FDAE0213938EA00C4844E /* ProgramCell.swift */,
				CE92FD1F21398A9700FB7FE7 /* ChannelCell.swift */,
				CE92FD25213A893800FB7FE7 /* HourCell.swift */,
				CE92FD27213AA3B500FB7FE7 /* TimePositionView.xib */,
			);
			path = EPG;
			sourceTree = "<group>";
		};
		CE92FD2A213ABC5500FB7FE7 /* DaysList */ = {
			isa = PBXGroup;
			children = (
				CE92FD2B213ABC8A00FB7FE7 /* DaysListView.swift */,
				CE92FD2D213ABDF800FB7FE7 /* DayCell.swift */,
			);
			path = DaysList;
			sourceTree = "<group>";
		};
		FFF660F0D4D25D025EE947FA /* Frameworks */ = {
			isa = PBXGroup;
			children = (
				34E012EA9419BC07F8211D44 /* Pods_NoriginTestTask.framework */,
			);
			name = Frameworks;
			sourceTree = "<group>";
		};
/* End PBXGroup section */

/* Begin PBXNativeTarget section */
		CE536DB22135797D00A1F7F1 /* NoriginTestTask */ = {
			isa = PBXNativeTarget;
			buildConfigurationList = CE536DC52135797D00A1F7F1 /* Build configuration list for PBXNativeTarget "NoriginTestTask" */;
			buildPhases = (
				A21F250B0CD5E5BE08988B34 /* [CP] Check Pods Manifest.lock */,
				CE536DAF2135797D00A1F7F1 /* Sources */,
				CE536DB02135797D00A1F7F1 /* Frameworks */,
				CE536DB12135797D00A1F7F1 /* Resources */,
				6860E094418B70A71B3EA07F /* [CP] Embed Pods Frameworks */,
			);
			buildRules = (
			);
			dependencies = (
			);
			name = NoriginTestTask;
			productName = NoriginTestTask;
			productReference = CE536DB32135797D00A1F7F1 /* NoriginTestTask.app */;
			productType = "com.apple.product-type.application";
		};
/* End PBXNativeTarget section */

/* Begin PBXProject section */
		CE536DAB2135797D00A1F7F1 /* Project object */ = {
			isa = PBXProject;
			attributes = {
				LastSwiftUpdateCheck = 0940;
				LastUpgradeCheck = 0940;
				ORGANIZATIONNAME = ScienceSoft;
				TargetAttributes = {
					CE536DB22135797D00A1F7F1 = {
						CreatedOnToolsVersion = 9.4.1;
					};
				};
			};
			buildConfigurationList = CE536DAE2135797D00A1F7F1 /* Build configuration list for PBXProject "NoriginTestTask" */;
			compatibilityVersion = "Xcode 9.3";
			developmentRegion = en;
			hasScannedForEncodings = 0;
			knownRegions = (
				en,
				Base,
			);
			mainGroup = CE536DAA2135797D00A1F7F1;
			productRefGroup = CE536DB42135797D00A1F7F1 /* Products */;
			projectDirPath = "";
			projectRoot = "";
			targets = (
				CE536DB22135797D00A1F7F1 /* NoriginTestTask */,
			);
		};
/* End PBXProject section */

/* Begin PBXResourcesBuildPhase section */
		CE536DB12135797D00A1F7F1 /* Resources */ = {
			isa = PBXResourcesBuildPhase;
			buildActionMask = 2147483647;
			files = (
				CE92FD32213AD54800FB7FE7 /* Colors.xcassets in Resources */,
				CE92FD28213AA3B500FB7FE7 /* TimePositionView.xib in Resources */,
				CE536DC12135797D00A1F7F1 /* LaunchScreen.storyboard in Resources */,
				CE536DBE2135797D00A1F7F1 /* Assets.xcassets in Resources */,
				CE536DBC2135797D00A1F7F1 /* Main.storyboard in Resources */,
			);
			runOnlyForDeploymentPostprocessing = 0;
		};
/* End PBXResourcesBuildPhase section */

/* Begin PBXShellScriptBuildPhase section */
		6860E094418B70A71B3EA07F /* [CP] Embed Pods Frameworks */ = {
			isa = PBXShellScriptBuildPhase;
			buildActionMask = 2147483647;
			files = (
			);
			inputPaths = (
				"${SRCROOT}/Pods/Target Support Files/Pods-NoriginTestTask/Pods-NoriginTestTask-frameworks.sh",
				"${BUILT_PRODUCTS_DIR}/Alamofire/Alamofire.framework",
				"${BUILT_PRODUCTS_DIR}/Kingfisher/Kingfisher.framework",
				"${BUILT_PRODUCTS_DIR}/PromiseKit/PromiseKit.framework",
				"${BUILT_PRODUCTS_DIR}/SwiftyJSON/SwiftyJSON.framework",
				"${BUILT_PRODUCTS_DIR}/TRON/TRON.framework",
			);
			name = "[CP] Embed Pods Frameworks";
			outputPaths = (
				"${TARGET_BUILD_DIR}/${FRAMEWORKS_FOLDER_PATH}/Alamofire.framework",
				"${TARGET_BUILD_DIR}/${FRAMEWORKS_FOLDER_PATH}/Kingfisher.framework",
				"${TARGET_BUILD_DIR}/${FRAMEWORKS_FOLDER_PATH}/PromiseKit.framework",
				"${TARGET_BUILD_DIR}/${FRAMEWORKS_FOLDER_PATH}/SwiftyJSON.framework",
				"${TARGET_BUILD_DIR}/${FRAMEWORKS_FOLDER_PATH}/TRON.framework",
			);
			runOnlyForDeploymentPostprocessing = 0;
			shellPath = /bin/sh;
			shellScript = "\"${SRCROOT}/Pods/Target Support Files/Pods-NoriginTestTask/Pods-NoriginTestTask-frameworks.sh\"\n";
			showEnvVarsInLog = 0;
		};
		A21F250B0CD5E5BE08988B34 /* [CP] Check Pods Manifest.lock */ = {
			isa = PBXShellScriptBuildPhase;
			buildActionMask = 2147483647;
			files = (
			);
			inputPaths = (
				"${PODS_PODFILE_DIR_PATH}/Podfile.lock",
				"${PODS_ROOT}/Manifest.lock",
			);
			name = "[CP] Check Pods Manifest.lock";
			outputPaths = (
				"$(DERIVED_FILE_DIR)/Pods-NoriginTestTask-checkManifestLockResult.txt",
			);
			runOnlyForDeploymentPostprocessing = 0;
			shellPath = /bin/sh;
			shellScript = "diff \"${PODS_PODFILE_DIR_PATH}/Podfile.lock\" \"${PODS_ROOT}/Manifest.lock\" > /dev/null\nif [ $? != 0 ] ; then\n    # print error to STDERR\n    echo \"error: The sandbox is not in sync with the Podfile.lock. Run 'pod install' or update your CocoaPods installation.\" >&2\n    exit 1\nfi\n# This output is used by Xcode 'outputs' to avoid re-running this script phase.\necho \"SUCCESS\" > \"${SCRIPT_OUTPUT_FILE_0}\"\n";
			showEnvVarsInLog = 0;
		};
/* End PBXShellScriptBuildPhase section */

/* Begin PBXSourcesBuildPhase section */
		CE536DAF2135797D00A1F7F1 /* Sources */ = {
			isa = PBXSourcesBuildPhase;
			buildActionMask = 2147483647;
			files = (
				CE92FD222139F22900FB7FE7 /* HourCellModel.swift in Sources */,
				CE536DB92135797D00A1F7F1 /* EPGViewController.swift in Sources */,
				CE17031B213C8673003AF8B7 /* AppCoordinator.swift in Sources */,
				CE7FDB062139408F00C4844E /* ChannelViewModel.swift in Sources */,
				CE536DDF21369CB400A1F7F1 /* EPG.swift in Sources */,
				CE536DDD21369B0100A1F7F1 /* Channel.swift in Sources */,
				CE7FDAE1213938EA00C4844E /* ProgramCell.swift in Sources */,
				CE7FDB0C213985BF00C4844E /* UIColor.swift in Sources */,
				CE170321213C9216003AF8B7 /* EPGService.swift in Sources */,
				CE536DD22135BC8300A1F7F1 /* RequestConfig.swift in Sources */,
				CE7FDB042139406400C4844E /* EPGViewModel.swift in Sources */,
				CE92FD2C213ABC8A00FB7FE7 /* DaysListView.swift in Sources */,
				CE92FD2E213ABDF800FB7FE7 /* DayCell.swift in Sources */,
				CE17031D213C8A8F003AF8B7 /* UIStoryboard.swift in Sources */,
				CE7FDB08213940AA00C4844E /* ProgramCellModel.swift in Sources */,
				CE17031F213C8ADA003AF8B7 /* EPGViewModel1.swift in Sources */,
				CE536DD82136857100A1F7F1 /* Program.swift in Sources */,
				CE7FDB0A2139460700C4844E /* DateFormatter.swift in Sources */,
				CE536DDB213699CF00A1F7F1 /* EPGRESTService.swift in Sources */,
				CE92FD2021398A9700FB7FE7 /* ChannelCell.swift in Sources */,
				CE7FDADF213836DB00C4844E /* EPGCollectionViewLayout.swift in Sources */,
				CE92FD26213A893800FB7FE7 /* HourCell.swift in Sources */,
				CE536DB72135797D00A1F7F1 /* AppDelegate.swift in Sources */,
				CE92FD24213A81BC00FB7FE7 /* Date.swift in Sources */,
				CE536DD62135D00200A1F7F1 /* WebService.swift in Sources */,
				CE536DD02135BC7800A1F7F1 /* WebLoader.swift in Sources */,
				CE92FD30213ABFBE00FB7FE7 /* DayCellModel.swift in Sources */,
				CE170316213BD948003AF8B7 /* Math.swift in Sources */,
			);
			runOnlyForDeploymentPostprocessing = 0;
		};
/* End PBXSourcesBuildPhase section */

/* Begin PBXVariantGroup section */
		CE536DBA2135797D00A1F7F1 /* Main.storyboard */ = {
			isa = PBXVariantGroup;
			children = (
				CE536DBB2135797D00A1F7F1 /* Base */,
			);
			name = Main.storyboard;
			sourceTree = "<group>";
		};
		CE536DBF2135797D00A1F7F1 /* LaunchScreen.storyboard */ = {
			isa = PBXVariantGroup;
			children = (
				CE536DC02135797D00A1F7F1 /* Base */,
			);
			name = LaunchScreen.storyboard;
			sourceTree = "<group>";
		};
/* End PBXVariantGroup section */

/* Begin XCBuildConfiguration section */
		CE536DC32135797D00A1F7F1 /* Debug */ = {
			isa = XCBuildConfiguration;
			buildSettings = {
				ALWAYS_SEARCH_USER_PATHS = NO;
				CLANG_ANALYZER_NONNULL = YES;
				CLANG_ANALYZER_NUMBER_OBJECT_CONVERSION = YES_AGGRESSIVE;
				CLANG_CXX_LANGUAGE_STANDARD = "gnu++14";
				CLANG_CXX_LIBRARY = "libc++";
				CLANG_ENABLE_MODULES = YES;
				CLANG_ENABLE_OBJC_ARC = YES;
				CLANG_ENABLE_OBJC_WEAK = YES;
				CLANG_WARN_BLOCK_CAPTURE_AUTORELEASING = YES;
				CLANG_WARN_BOOL_CONVERSION = YES;
				CLANG_WARN_COMMA = YES;
				CLANG_WARN_CONSTANT_CONVERSION = YES;
				CLANG_WARN_DEPRECATED_OBJC_IMPLEMENTATIONS = YES;
				CLANG_WARN_DIRECT_OBJC_ISA_USAGE = YES_ERROR;
				CLANG_WARN_DOCUMENTATION_COMMENTS = YES;
				CLANG_WARN_EMPTY_BODY = YES;
				CLANG_WARN_ENUM_CONVERSION = YES;
				CLANG_WARN_INFINITE_RECURSION = YES;
				CLANG_WARN_INT_CONVERSION = YES;
				CLANG_WARN_NON_LITERAL_NULL_CONVERSION = YES;
				CLANG_WARN_OBJC_IMPLICIT_RETAIN_SELF = YES;
				CLANG_WARN_OBJC_LITERAL_CONVERSION = YES;
				CLANG_WARN_OBJC_ROOT_CLASS = YES_ERROR;
				CLANG_WARN_RANGE_LOOP_ANALYSIS = YES;
				CLANG_WARN_STRICT_PROTOTYPES = YES;
				CLANG_WARN_SUSPICIOUS_MOVE = YES;
				CLANG_WARN_UNGUARDED_AVAILABILITY = YES_AGGRESSIVE;
				CLANG_WARN_UNREACHABLE_CODE = YES;
				CLANG_WARN__DUPLICATE_METHOD_MATCH = YES;
				CODE_SIGN_IDENTITY = "iPhone Developer";
				COPY_PHASE_STRIP = NO;
				DEBUG_INFORMATION_FORMAT = dwarf;
				ENABLE_STRICT_OBJC_MSGSEND = YES;
				ENABLE_TESTABILITY = YES;
				GCC_C_LANGUAGE_STANDARD = gnu11;
				GCC_DYNAMIC_NO_PIC = NO;
				GCC_NO_COMMON_BLOCKS = YES;
				GCC_OPTIMIZATION_LEVEL = 0;
				GCC_PREPROCESSOR_DEFINITIONS = (
					"DEBUG=1",
					"$(inherited)",
				);
				GCC_WARN_64_TO_32_BIT_CONVERSION = YES;
				GCC_WARN_ABOUT_RETURN_TYPE = YES_ERROR;
				GCC_WARN_UNDECLARED_SELECTOR = YES;
				GCC_WARN_UNINITIALIZED_AUTOS = YES_AGGRESSIVE;
				GCC_WARN_UNUSED_FUNCTION = YES;
				GCC_WARN_UNUSED_VARIABLE = YES;
				IPHONEOS_DEPLOYMENT_TARGET = 11.4;
				MTL_ENABLE_DEBUG_INFO = YES;
				ONLY_ACTIVE_ARCH = YES;
				SDKROOT = iphoneos;
				SWIFT_ACTIVE_COMPILATION_CONDITIONS = DEBUG;
				SWIFT_OPTIMIZATION_LEVEL = "-Onone";
			};
			name = Debug;
		};
		CE536DC42135797D00A1F7F1 /* Release */ = {
			isa = XCBuildConfiguration;
			buildSettings = {
				ALWAYS_SEARCH_USER_PATHS = NO;
				CLANG_ANALYZER_NONNULL = YES;
				CLANG_ANALYZER_NUMBER_OBJECT_CONVERSION = YES_AGGRESSIVE;
				CLANG_CXX_LANGUAGE_STANDARD = "gnu++14";
				CLANG_CXX_LIBRARY = "libc++";
				CLANG_ENABLE_MODULES = YES;
				CLANG_ENABLE_OBJC_ARC = YES;
				CLANG_ENABLE_OBJC_WEAK = YES;
				CLANG_WARN_BLOCK_CAPTURE_AUTORELEASING = YES;
				CLANG_WARN_BOOL_CONVERSION = YES;
				CLANG_WARN_COMMA = YES;
				CLANG_WARN_CONSTANT_CONVERSION = YES;
				CLANG_WARN_DEPRECATED_OBJC_IMPLEMENTATIONS = YES;
				CLANG_WARN_DIRECT_OBJC_ISA_USAGE = YES_ERROR;
				CLANG_WARN_DOCUMENTATION_COMMENTS = YES;
				CLANG_WARN_EMPTY_BODY = YES;
				CLANG_WARN_ENUM_CONVERSION = YES;
				CLANG_WARN_INFINITE_RECURSION = YES;
				CLANG_WARN_INT_CONVERSION = YES;
				CLANG_WARN_NON_LITERAL_NULL_CONVERSION = YES;
				CLANG_WARN_OBJC_IMPLICIT_RETAIN_SELF = YES;
				CLANG_WARN_OBJC_LITERAL_CONVERSION = YES;
				CLANG_WARN_OBJC_ROOT_CLASS = YES_ERROR;
				CLANG_WARN_RANGE_LOOP_ANALYSIS = YES;
				CLANG_WARN_STRICT_PROTOTYPES = YES;
				CLANG_WARN_SUSPICIOUS_MOVE = YES;
				CLANG_WARN_UNGUARDED_AVAILABILITY = YES_AGGRESSIVE;
				CLANG_WARN_UNREACHABLE_CODE = YES;
				CLANG_WARN__DUPLICATE_METHOD_MATCH = YES;
				CODE_SIGN_IDENTITY = "iPhone Developer";
				COPY_PHASE_STRIP = NO;
				DEBUG_INFORMATION_FORMAT = "dwarf-with-dsym";
				ENABLE_NS_ASSERTIONS = NO;
				ENABLE_STRICT_OBJC_MSGSEND = YES;
				GCC_C_LANGUAGE_STANDARD = gnu11;
				GCC_NO_COMMON_BLOCKS = YES;
				GCC_WARN_64_TO_32_BIT_CONVERSION = YES;
				GCC_WARN_ABOUT_RETURN_TYPE = YES_ERROR;
				GCC_WARN_UNDECLARED_SELECTOR = YES;
				GCC_WARN_UNINITIALIZED_AUTOS = YES_AGGRESSIVE;
				GCC_WARN_UNUSED_FUNCTION = YES;
				GCC_WARN_UNUSED_VARIABLE = YES;
				IPHONEOS_DEPLOYMENT_TARGET = 11.4;
				MTL_ENABLE_DEBUG_INFO = NO;
				SDKROOT = iphoneos;
				SWIFT_COMPILATION_MODE = wholemodule;
				SWIFT_OPTIMIZATION_LEVEL = "-O";
				VALIDATE_PRODUCT = YES;
			};
			name = Release;
		};
		CE536DC62135797D00A1F7F1 /* Debug */ = {
			isa = XCBuildConfiguration;
			baseConfigurationReference = 501EE334FF93E745E32D6BCD /* Pods-NoriginTestTask.debug.xcconfig */;
			buildSettings = {
				ASSETCATALOG_COMPILER_APPICON_NAME = AppIcon;
				CODE_SIGN_STYLE = Automatic;
				DEVELOPMENT_TEAM = 756MY5Q7G9;
				INFOPLIST_FILE = NoriginTestTask/Resources/Info.plist;
				LD_RUNPATH_SEARCH_PATHS = (
					"$(inherited)",
					"@executable_path/Frameworks",
				);
				PRODUCT_BUNDLE_IDENTIFIER = com.scnsoft.NoriginTestTask;
				PRODUCT_NAME = "$(TARGET_NAME)";
				SWIFT_VERSION = 4.0;
				TARGETED_DEVICE_FAMILY = "1,2";
			};
			name = Debug;
		};
		CE536DC72135797D00A1F7F1 /* Release */ = {
			isa = XCBuildConfiguration;
			baseConfigurationReference = B7E419F44C011B0466E3422A /* Pods-NoriginTestTask.release.xcconfig */;
			buildSettings = {
				ASSETCATALOG_COMPILER_APPICON_NAME = AppIcon;
				CODE_SIGN_STYLE = Automatic;
				DEVELOPMENT_TEAM = 756MY5Q7G9;
				INFOPLIST_FILE = NoriginTestTask/Resources/Info.plist;
				LD_RUNPATH_SEARCH_PATHS = (
					"$(inherited)",
					"@executable_path/Frameworks",
				);
				PRODUCT_BUNDLE_IDENTIFIER = com.scnsoft.NoriginTestTask;
				PRODUCT_NAME = "$(TARGET_NAME)";
				SWIFT_VERSION = 4.0;
				TARGETED_DEVICE_FAMILY = "1,2";
			};
			name = Release;
		};
/* End XCBuildConfiguration section */

/* Begin XCConfigurationList section */
		CE536DAE2135797D00A1F7F1 /* Build configuration list for PBXProject "NoriginTestTask" */ = {
			isa = XCConfigurationList;
			buildConfigurations = (
				CE536DC32135797D00A1F7F1 /* Debug */,
				CE536DC42135797D00A1F7F1 /* Release */,
			);
			defaultConfigurationIsVisible = 0;
			defaultConfigurationName = Release;
		};
		CE536DC52135797D00A1F7F1 /* Build configuration list for PBXNativeTarget "NoriginTestTask" */ = {
			isa = XCConfigurationList;
			buildConfigurations = (
				CE536DC62135797D00A1F7F1 /* Debug */,
				CE536DC72135797D00A1F7F1 /* Release */,
			);
			defaultConfigurationIsVisible = 0;
			defaultConfigurationName = Release;
		};
/* End XCConfigurationList section */
	};
	rootObject = CE536DAB2135797D00A1F7F1 /* Project object */;
}
